{
  "version": 4,
  "terraform_version": "1.9.8",
  "serial": 96,
  "lineage": "ed298deb-7c45-148a-7b20-db21e627d504",
  "outputs": {},
  "resources": [
    {
      "module": "module.lab-eve-xrv9kv-01",
      "mode": "managed",
      "type": "iosxr_gnmi",
      "name": "config",
      "provider": "provider[\"registry.terraform.io/ciscodevnet/iosxr\"]",
      "instances": [
        {
          "schema_version": 0,
          "attributes": {
            "attributes": {
              "hostname": "lab-eve-xrv9kv-01"
            },
            "delete": true,
            "device": "lab-eve-xrv9kv-01",
            "id": "openconfig-system:system/config",
            "lists": null,
            "path": "openconfig-system:system/config"
          },
          "sensitive_attributes": []
        }
      ]
    },
    {
      "module": "module.lab-eve-xrv9kv-01.module.xr_base_config",
      "mode": "managed",
      "type": "iosxr_banner",
      "name": "example",
      "provider": "provider[\"registry.terraform.io/ciscodevnet/iosxr\"]",
      "instances": [
        {
          "schema_version": 0,
          "attributes": {
            "banner_type": "login",
            "device": null,
            "id": "Cisco-IOS-XR-um-banner-cfg:/banners/banner[banner-type=login]",
            "line": "Authorized Access Only, this device is for authorized users only and is protected by law."
          },
          "sensitive_attributes": []
        }
      ]
    },
    {
      "module": "module.lab-eve-xrv9kv-01.module.xr_base_config",
      "mode": "managed",
      "type": "iosxr_hostname",
      "name": "device_hostname",
      "provider": "provider[\"registry.terraform.io/ciscodevnet/iosxr\"]",
      "instances": [
        {
          "schema_version": 0,
          "attributes": {
            "device": null,
            "id": "Cisco-IOS-XR-um-hostname-cfg:/hostname",
            "system_network_name": "lab-eve-xrv9kv-01"
          },
          "sensitive_attributes": []
        }
      ]
    },
    {
      "module": "module.lab-eve-xrv9kv-01.module.xr_interfaces",
      "mode": "managed",
      "type": "iosxr_interface",
      "name": "interface",
      "provider": "provider[\"registry.terraform.io/ciscodevnet/iosxr\"]",
      "instances": [
        {
          "index_key": "GigabitEthernet0/0/0/1",
          "schema_version": 0,
          "attributes": {
            "bandwidth": null,
            "bfd_mode_ietf": null,
            "bundle_id": null,
            "bundle_id_mode": null,
            "bundle_load_balancing_hash_dst_ip": null,
            "bundle_load_balancing_hash_src_ip": null,
            "bundle_maximum_active_links": null,
            "bundle_minimum_active_links": null,
            "bundle_port_priority": null,
            "bundle_shutdown": null,
            "cdp": null,
            "dampening_decay_half_life_value": null,
            "delete_mode": null,
            "description": "Connection to LAB-EVE-XR9KV-02",
            "device": null,
            "encapsulation_dot1q_vlan_id": null,
            "flow_ipv4_egress_monitor_samplers": null,
            "flow_ipv4_egress_monitors": null,
            "flow_ipv4_ingress_monitor_samplers": null,
            "flow_ipv4_ingress_monitors": null,
            "flow_ipv6_egress_monitor_samplers": null,
            "flow_ipv6_egress_monitors": null,
            "flow_ipv6_ingress_monitor_samplers": null,
            "flow_ipv6_ingress_monitors": null,
            "id": "Cisco-IOS-XR-um-interface-cfg:/interfaces/interface[interface-name=GigabitEthernet0/0/0/1]",
            "interface_name": "GigabitEthernet0/0/0/1",
            "ipv4_access_group_egress_acl": null,
            "ipv4_access_group_egress_compress_level": null,
            "ipv4_access_group_egress_hardware_count": null,
            "ipv4_access_group_egress_interface_statistics": null,
            "ipv4_access_group_ingress_acl1": null,
            "ipv4_access_group_ingress_compress_level": null,
            "ipv4_access_group_ingress_hardware_count": null,
            "ipv4_access_group_ingress_interface_statistics": null,
            "ipv4_address": "10.255.255.1",
            "ipv4_netmask": "255.255.255.252",
            "ipv4_point_to_point": null,
            "ipv4_verify_unicast_source_reachable_via_allow_default": null,
            "ipv4_verify_unicast_source_reachable_via_allow_self_ping": null,
            "ipv4_verify_unicast_source_reachable_via_type": null,
            "ipv6_access_group_egress_acl1": null,
            "ipv6_access_group_egress_compress_level": null,
            "ipv6_access_group_egress_interface_statistics": null,
            "ipv6_access_group_ingress_acl1": null,
            "ipv6_access_group_ingress_compress_level": null,
            "ipv6_access_group_ingress_interface_statistics": null,
            "ipv6_addresses": null,
            "ipv6_autoconfig": null,
            "ipv6_enable": null,
            "ipv6_link_local_address": null,
            "ipv6_link_local_zone": null,
            "ipv6_verify_unicast_source_reachable_via_allow_default": null,
            "ipv6_verify_unicast_source_reachable_via_allow_self_ping": null,
            "ipv6_verify_unicast_source_reachable_via_type": null,
            "l2transport": null,
            "l2transport_encapsulation_dot1q_second_dot1q": null,
            "l2transport_encapsulation_dot1q_vlan_id": null,
            "load_interval": null,
            "mtu": null,
            "multipoint": null,
            "point_to_point": null,
            "rewrite_ingress_tag_pop_one": null,
            "rewrite_ingress_tag_pop_two": null,
            "service_policy_input": null,
            "service_policy_output": null,
            "shutdown": false,
            "unnumbered": null,
            "vrf": null
          },
          "sensitive_attributes": []
        },
        {
          "index_key": "Loopback0",
          "schema_version": 0,
          "attributes": {
            "bandwidth": null,
            "bfd_mode_ietf": null,
            "bundle_id": null,
            "bundle_id_mode": null,
            "bundle_load_balancing_hash_dst_ip": null,
            "bundle_load_balancing_hash_src_ip": null,
            "bundle_maximum_active_links": null,
            "bundle_minimum_active_links": null,
            "bundle_port_priority": null,
            "bundle_shutdown": null,
            "cdp": null,
            "dampening_decay_half_life_value": null,
            "delete_mode": null,
            "description": "Global Loopback",
            "device": null,
            "encapsulation_dot1q_vlan_id": null,
            "flow_ipv4_egress_monitor_samplers": null,
            "flow_ipv4_egress_monitors": null,
            "flow_ipv4_ingress_monitor_samplers": null,
            "flow_ipv4_ingress_monitors": null,
            "flow_ipv6_egress_monitor_samplers": null,
            "flow_ipv6_egress_monitors": null,
            "flow_ipv6_ingress_monitor_samplers": null,
            "flow_ipv6_ingress_monitors": null,
            "id": "Cisco-IOS-XR-um-interface-cfg:/interfaces/interface[interface-name=Loopback0]",
            "interface_name": "Loopback0",
            "ipv4_access_group_egress_acl": null,
            "ipv4_access_group_egress_compress_level": null,
            "ipv4_access_group_egress_hardware_count": null,
            "ipv4_access_group_egress_interface_statistics": null,
            "ipv4_access_group_ingress_acl1": null,
            "ipv4_access_group_ingress_compress_level": null,
            "ipv4_access_group_ingress_hardware_count": null,
            "ipv4_access_group_ingress_interface_statistics": null,
            "ipv4_address": "10.10.10.1",
            "ipv4_netmask": "255.255.255.255",
            "ipv4_point_to_point": null,
            "ipv4_verify_unicast_source_reachable_via_allow_default": null,
            "ipv4_verify_unicast_source_reachable_via_allow_self_ping": null,
            "ipv4_verify_unicast_source_reachable_via_type": null,
            "ipv6_access_group_egress_acl1": null,
            "ipv6_access_group_egress_compress_level": null,
            "ipv6_access_group_egress_interface_statistics": null,
            "ipv6_access_group_ingress_acl1": null,
            "ipv6_access_group_ingress_compress_level": null,
            "ipv6_access_group_ingress_interface_statistics": null,
            "ipv6_addresses": null,
            "ipv6_autoconfig": null,
            "ipv6_enable": null,
            "ipv6_link_local_address": null,
            "ipv6_link_local_zone": null,
            "ipv6_verify_unicast_source_reachable_via_allow_default": null,
            "ipv6_verify_unicast_source_reachable_via_allow_self_ping": null,
            "ipv6_verify_unicast_source_reachable_via_type": null,
            "l2transport": null,
            "l2transport_encapsulation_dot1q_second_dot1q": null,
            "l2transport_encapsulation_dot1q_vlan_id": null,
            "load_interval": null,
            "mtu": null,
            "multipoint": null,
            "point_to_point": null,
            "rewrite_ingress_tag_pop_one": null,
            "rewrite_ingress_tag_pop_two": null,
            "service_policy_input": null,
            "service_policy_output": null,
            "shutdown": false,
            "unnumbered": null,
            "vrf": null
          },
          "sensitive_attributes": []
        }
      ]
    },
    {
      "module": "module.lab-eve-xrv9kv-01.module.xr_routing_bgp",
      "mode": "managed",
      "type": "iosxr_router_bgp",
      "name": "example",
      "provider": "provider[\"registry.terraform.io/ciscodevnet/iosxr\"]",
      "instances": [
        {
          "schema_version": 0,
          "attributes": {
            "as_number": "65000",
            "bfd_minimum_interval": null,
            "bfd_multiplier": null,
            "bgp_bestpath_aigp_ignore": null,
            "bgp_bestpath_as_path_ignore": null,
            "bgp_bestpath_as_path_multipath_relax": null,
            "bgp_bestpath_compare_routerid": null,
            "bgp_bestpath_cost_community_ignore": null,
            "bgp_bestpath_igp_metric_ignore": null,
            "bgp_bestpath_igp_metric_sr_policy": null,
            "bgp_bestpath_med_always": null,
            "bgp_bestpath_med_confed": null,
            "bgp_bestpath_med_missing_as_worst": null,
            "bgp_bestpath_origin_as_allow_invalid": null,
            "bgp_bestpath_origin_as_use_validity": null,
            "bgp_bestpath_sr_policy_force": null,
            "bgp_bestpath_sr_policy_prefer": null,
            "bgp_graceful_restart_graceful_reset": null,
            "bgp_log_neighbor_changes_detail": null,
            "bgp_redistribute_internal": null,
            "bgp_router_id": "10.10.10.1",
            "default_information_originate": null,
            "default_metric": null,
            "delete_mode": null,
            "device": null,
            "ibgp_policy_out_enforce_modifications": null,
            "id": "Cisco-IOS-XR-um-router-bgp-cfg:/router/bgp/as[as-number=65000]",
            "neighbors": [
              {
                "advertisement_interval_milliseconds": null,
                "advertisement_interval_seconds": null,
                "bfd_fast_detect": null,
                "bfd_fast_detect_inheritance_disable": null,
                "bfd_fast_detect_strict_mode": null,
                "bfd_minimum_interval": null,
                "bfd_multiplier": null,
                "description": "LAB-EVE-XR9KV-02",
                "ebgp_multihop_maximum_hop_count": null,
                "ignore_connected_check": null,
                "local_as": null,
                "local_as_dual_as": null,
                "local_as_no_prepend": null,
                "local_as_replace_as": null,
                "neighbor_address": "10.10.10.2",
                "password": null,
                "remote_as": "65000",
                "shutdown": null,
                "timers_holdtime": null,
                "timers_keepalive_interval": null,
                "timers_minimum_acceptable_holdtime": null,
                "ttl_security": null,
                "update_source": "Loopback0",
                "use_neighbor_group": null
              }
            ],
            "nexthop_validation_color_extcomm_disable": null,
            "nexthop_validation_color_extcomm_sr_policy": null,
            "nsr_disable": null,
            "segment_routing_srv6_locator": null,
            "timers_bgp_holdtime": null,
            "timers_bgp_keepalive_interval": null,
            "timers_bgp_minimum_acceptable_holdtime": null
          },
          "sensitive_attributes": []
        }
      ]
    },
    {
      "module": "module.lab-eve-xrv9kv-01.module.xr_routing_bgp",
      "mode": "managed",
      "type": "iosxr_router_bgp_address_family",
      "name": "ipv4",
      "provider": "provider[\"registry.terraform.io/ciscodevnet/iosxr\"]",
      "instances": [
        {
          "schema_version": 0,
          "attributes": {
            "additional_paths_receive": null,
            "additional_paths_selection_route_policy": null,
            "additional_paths_send": null,
            "advertise_best_external": null,
            "af_name": "ipv4-unicast",
            "aggregate_addresses": null,
            "allocate_label_all": null,
            "allocate_label_all_unlabeled_path": null,
            "as_number": "65000",
            "delete_mode": null,
            "device": null,
            "id": "Cisco-IOS-XR-um-router-bgp-cfg:/router/bgp/as[as-number=65000]/address-families/address-family[af-name=ipv4-unicast]",
            "label_mode_per_ce": null,
            "label_mode_per_vrf": null,
            "maximum_paths_ebgp_multipath": null,
            "maximum_paths_eibgp_multipath": null,
            "maximum_paths_ibgp_multipath": null,
            "networks": null,
            "nexthop_trigger_delay_critical": null,
            "nexthop_trigger_delay_non_critical": null,
            "redistribute_connected": null,
            "redistribute_connected_metric": null,
            "redistribute_connected_route_policy": null,
            "redistribute_isis": null,
            "redistribute_ospf": null,
            "redistribute_static": null,
            "redistribute_static_metric": null,
            "redistribute_static_route_policy": null
          },
          "sensitive_attributes": []
        }
      ]
    },
    {
      "module": "module.lab-eve-xrv9kv-01.module.xr_routing_bgp",
      "mode": "managed",
      "type": "iosxr_router_bgp_address_family",
      "name": "vpnv4",
      "provider": "provider[\"registry.terraform.io/ciscodevnet/iosxr\"]",
      "instances": [
        {
          "schema_version": 0,
          "attributes": {
            "additional_paths_receive": null,
            "additional_paths_selection_route_policy": null,
            "additional_paths_send": null,
            "advertise_best_external": null,
            "af_name": "vpnv4-unicast",
            "aggregate_addresses": null,
            "allocate_label_all": null,
            "allocate_label_all_unlabeled_path": null,
            "as_number": "65000",
            "delete_mode": null,
            "device": null,
            "id": "Cisco-IOS-XR-um-router-bgp-cfg:/router/bgp/as[as-number=65000]/address-families/address-family[af-name=vpnv4-unicast]",
            "label_mode_per_ce": null,
            "label_mode_per_vrf": null,
            "maximum_paths_ebgp_multipath": null,
            "maximum_paths_eibgp_multipath": null,
            "maximum_paths_ibgp_multipath": null,
            "networks": null,
            "nexthop_trigger_delay_critical": null,
            "nexthop_trigger_delay_non_critical": null,
            "redistribute_connected": null,
            "redistribute_connected_metric": null,
            "redistribute_connected_route_policy": null,
            "redistribute_isis": null,
            "redistribute_ospf": null,
            "redistribute_static": null,
            "redistribute_static_metric": null,
            "redistribute_static_route_policy": null
          },
          "sensitive_attributes": []
        }
      ]
    },
    {
      "module": "module.lab-eve-xrv9kv-01.module.xr_routing_bgp",
      "mode": "managed",
      "type": "iosxr_router_bgp_neighbor_address_family",
      "name": "ipv4",
      "provider": "provider[\"registry.terraform.io/ciscodevnet/iosxr\"]",
      "instances": [
        {
          "index_key": "10.10.10.2",
          "schema_version": 0,
          "attributes": {
            "advertise_vpnv4_unicast_enable_re_originated_stitching_rt": null,
            "af_name": "ipv4-unicast",
            "as_number": "65000",
            "default_originate_inheritance_disable": null,
            "default_originate_route_policy": null,
            "delete_mode": null,
            "device": null,
            "encapsulation_type_srv6": null,
            "id": "Cisco-IOS-XR-um-router-bgp-cfg:/router/bgp/as[as-number=65000]/neighbors/neighbor[neighbor-address=10.10.10.2]/address-families/address-family[af-name=ipv4-unicast]",
            "import_stitching_rt_re_originate_stitching_rt": null,
            "maximum_prefix_discard_extra_paths": null,
            "maximum_prefix_limit": null,
            "maximum_prefix_restart": null,
            "maximum_prefix_threshold": null,
            "maximum_prefix_warning_only": null,
            "neighbor_address": "10.10.10.2",
            "next_hop_self": null,
            "next_hop_self_inheritance_disable": null,
            "route_policy_in": null,
            "route_policy_out": null,
            "route_reflector_client": null,
            "route_reflector_client_inheritance_disable": null,
            "send_community_ebgp": null,
            "send_community_ebgp_inheritance_disable": null,
            "soft_reconfiguration_inbound_always": null
          },
          "sensitive_attributes": []
        }
      ]
    },
    {
      "module": "module.lab-eve-xrv9kv-01.module.xr_routing_bgp",
      "mode": "managed",
      "type": "iosxr_router_bgp_neighbor_address_family",
      "name": "vpnv4",
      "provider": "provider[\"registry.terraform.io/ciscodevnet/iosxr\"]",
      "instances": [
        {
          "index_key": "10.10.10.2",
          "schema_version": 0,
          "attributes": {
            "advertise_vpnv4_unicast_enable_re_originated_stitching_rt": null,
            "af_name": "vpnv4-unicast",
            "as_number": "65000",
            "default_originate_inheritance_disable": null,
            "default_originate_route_policy": null,
            "delete_mode": null,
            "device": null,
            "encapsulation_type_srv6": null,
            "id": "Cisco-IOS-XR-um-router-bgp-cfg:/router/bgp/as[as-number=65000]/neighbors/neighbor[neighbor-address=10.10.10.2]/address-families/address-family[af-name=vpnv4-unicast]",
            "import_stitching_rt_re_originate_stitching_rt": null,
            "maximum_prefix_discard_extra_paths": null,
            "maximum_prefix_limit": null,
            "maximum_prefix_restart": null,
            "maximum_prefix_threshold": null,
            "maximum_prefix_warning_only": null,
            "neighbor_address": "10.10.10.2",
            "next_hop_self": null,
            "next_hop_self_inheritance_disable": null,
            "route_policy_in": null,
            "route_policy_out": null,
            "route_reflector_client": null,
            "route_reflector_client_inheritance_disable": null,
            "send_community_ebgp": null,
            "send_community_ebgp_inheritance_disable": null,
            "soft_reconfiguration_inbound_always": null
          },
          "sensitive_attributes": []
        }
      ]
    },
    {
      "module": "module.lab-eve-xrv9kv-01.module.xr_routing_bgp",
      "mode": "managed",
      "type": "iosxr_router_bgp_vrf",
      "name": "vrf",
      "provider": "provider[\"registry.terraform.io/ciscodevnet/iosxr\"]",
      "instances": [
        {
          "index_key": "INTERNET",
          "schema_version": 0,
          "attributes": {
            "as_number": "65000",
            "bfd_minimum_interval": null,
            "bfd_multiplier": null,
            "bgp_router_id": null,
            "default_information_originate": null,
            "default_metric": null,
            "delete_mode": null,
            "device": null,
            "id": "Cisco-IOS-XR-um-router-bgp-cfg:/router/bgp/as[as-number=65000]/vrfs/vrf[vrf-name=INTERNET]",
            "neighbors": [
              {
                "advertisement_interval_milliseconds": null,
                "advertisement_interval_seconds": null,
                "bfd_fast_detect": null,
                "bfd_fast_detect_disable": null,
                "bfd_fast_detect_strict_mode": null,
                "bfd_minimum_interval": null,
                "bfd_multiplier": null,
                "description": "ISP Router",
                "ebgp_multihop_maximum_hop_count": null,
                "ignore_connected_check": null,
                "local_as": null,
                "local_as_dual_as": null,
                "local_as_no_prepend": null,
                "local_as_replace_as": null,
                "neighbor_address": "212.1.1.2",
                "password": null,
                "remote_as": "65002",
                "shutdown": null,
                "timers_holdtime": null,
                "timers_keepalive_interval": null,
                "ttl_security": null,
                "update_source": null,
                "use_neighbor_group": null
              }
            ],
            "rd_auto": true,
            "rd_four_byte_as_as_number": null,
            "rd_four_byte_as_index": null,
            "rd_ip_address_index": null,
            "rd_ip_address_ipv4_address": null,
            "rd_two_byte_as_as_number": null,
            "rd_two_byte_as_index": null,
            "timers_bgp_holdtime": null,
            "timers_bgp_keepalive_interval": null,
            "vrf_name": "INTERNET"
          },
          "sensitive_attributes": []
        }
      ]
    },
    {
      "module": "module.lab-eve-xrv9kv-01.module.xr_routing_bgp",
      "mode": "managed",
      "type": "iosxr_router_bgp_vrf_address_family",
      "name": "vrf",
      "provider": "provider[\"registry.terraform.io/ciscodevnet/iosxr\"]",
      "instances": [
        {
          "index_key": "INTERNET",
          "schema_version": 0,
          "attributes": {
            "additional_paths_receive": null,
            "additional_paths_selection_route_policy": null,
            "additional_paths_send": null,
            "advertise_best_external": null,
            "af_name": "ipv4-unicast",
            "aggregate_addresses": null,
            "allocate_label_all": null,
            "allocate_label_all_unlabeled_path": null,
            "as_number": "65000",
            "delete_mode": null,
            "device": null,
            "id": "Cisco-IOS-XR-um-router-bgp-cfg:/router/bgp/as[as-number=65000]/vrfs/vrf[vrf-name=INTERNET]/address-families/address-family[af-name=ipv4-unicast]",
            "label_mode_per_ce": null,
            "label_mode_per_vrf": null,
            "maximum_paths_ebgp_multipath": null,
            "maximum_paths_eibgp_multipath": null,
            "maximum_paths_ibgp_multipath": null,
            "networks": null,
            "redistribute_connected": null,
            "redistribute_connected_metric": null,
            "redistribute_connected_route_policy": null,
            "redistribute_ospf": null,
            "redistribute_static": true,
            "redistribute_static_metric": null,
            "redistribute_static_route_policy": null,
            "segment_routing_srv6_alloc_mode_per_vrf": null,
            "segment_routing_srv6_locator": null,
            "vrf_name": "INTERNET"
          },
          "sensitive_attributes": []
        }
      ]
    },
    {
      "module": "module.lab-eve-xrv9kv-01.module.xr_routing_isis",
      "mode": "managed",
      "type": "iosxr_router_isis",
      "name": "example",
      "provider": "provider[\"registry.terraform.io/ciscodevnet/iosxr\"]",
      "instances": [
        {
          "schema_version": 0,
          "attributes": {
            "affinity_maps": null,
            "delete_mode": null,
            "device": null,
            "distribute_link_state_instance_id": null,
            "distribute_link_state_level": null,
            "distribute_link_state_throttle": null,
            "flex_algos": null,
            "id": "Cisco-IOS-XR-um-router-isis-cfg:/router/isis/processes/process[process-id=CORE]",
            "interfaces": [
              {
                "circuit_type": "level-1",
                "hello_padding_disable": null,
                "hello_padding_sometimes": null,
                "interface_name": "GigabitEthernet0/0/0/1",
                "passive": false,
                "point_to_point": true,
                "priority": 10,
                "shutdown": false,
                "suppressed": false
              },
              {
                "circuit_type": "level-1",
                "hello_padding_disable": null,
                "hello_padding_sometimes": null,
                "interface_name": "Loopback0",
                "passive": false,
                "point_to_point": true,
                "priority": 10,
                "shutdown": false,
                "suppressed": false
              }
            ],
            "is_type": "level-1",
            "log_adjacency_changes": true,
            "lsp_gen_interval_initial_wait": null,
            "lsp_gen_interval_maximum_wait": null,
            "lsp_gen_interval_secondary_wait": null,
            "lsp_password_keychain": null,
            "lsp_refresh_interval": null,
            "max_lsp_lifetime": null,
            "nets": [
              {
                "net_id": "49.0001.2222.2222.0001.00"
              }
            ],
            "nsf_cisco": null,
            "nsf_ietf": null,
            "nsf_interface_expires": null,
            "nsf_interface_timer": null,
            "nsf_lifetime": null,
            "nsr": null,
            "process_id": "CORE",
            "set_overload_bit_advertise_external": null,
            "set_overload_bit_advertise_interlevel": null,
            "set_overload_bit_levels": [
              {
                "advertise_external": true,
                "advertise_interlevel": true,
                "level_id": 1,
                "on_startup_advertise_as_overloaded": true,
                "on_startup_advertise_as_overloaded_time_to_advertise": 10,
                "on_startup_wait_for_bgp": false
              }
            ],
            "set_overload_bit_on_startup_advertise_as_overloaded": null,
            "set_overload_bit_on_startup_advertise_as_overloaded_time_to_advertise": null,
            "set_overload_bit_on_startup_wait_for_bgp": null
          },
          "sensitive_attributes": []
        }
      ]
    },
    {
      "module": "module.lab-eve-xrv9kv-01.module.xr_routing_isis",
      "mode": "managed",
      "type": "iosxr_router_isis_address_family",
      "name": "example",
      "provider": "provider[\"registry.terraform.io/ciscodevnet/iosxr\"]",
      "instances": [
        {
          "schema_version": 0,
          "attributes": {
            "advertise_link_attributes": null,
            "advertise_passive_only": null,
            "af_name": "ipv4",
            "default_information_originate": null,
            "delete_mode": null,
            "device": null,
            "fast_reroute_delay_interval": null,
            "fast_reroute_per_link_priority_limit_critical": null,
            "fast_reroute_per_link_priority_limit_high": null,
            "fast_reroute_per_link_priority_limit_medium": null,
            "fast_reroute_per_prefix_priority_limit_critical": null,
            "fast_reroute_per_prefix_priority_limit_high": null,
            "fast_reroute_per_prefix_priority_limit_medium": null,
            "id": "Cisco-IOS-XR-um-router-isis-cfg:/router/isis/processes/process[process-id=CORE]/address-families/address-family[af-name=ipv4][saf-name=unicast]",
            "maximum_redistributed_prefixes": null,
            "maximum_redistributed_prefixes_levels": null,
            "metric_style_levels": [
              {
                "level_id": 1,
                "narrow": false,
                "transition": false,
                "wide": true
              }
            ],
            "metric_style_narrow": false,
            "metric_style_transition": false,
            "metric_style_wide": true,
            "microloop_avoidance_protected": null,
            "microloop_avoidance_segment_routing": true,
            "mpls_ldp_auto_config": true,
            "mpls_traffic_eng_level_1": null,
            "mpls_traffic_eng_level_1_2": null,
            "mpls_traffic_eng_level_2_only": null,
            "mpls_traffic_eng_router_id_interface": null,
            "mpls_traffic_eng_router_id_ip_address": null,
            "process_id": "CORE",
            "redistribute_isis": null,
            "router_id_interface_name": null,
            "router_id_ip_address": "10.10.10.1",
            "saf_name": "unicast",
            "segment_routing_mpls_sr_prefer": null,
            "segment_routing_srv6_locators": null,
            "spf_interval_initial_wait": null,
            "spf_interval_maximum_wait": null,
            "spf_interval_secondary_wait": null,
            "spf_prefix_priorities": null
          },
          "sensitive_attributes": []
        }
      ]
    },
    {
      "module": "module.lab-eve-xrv9kv-01.module.xr_routing_isis",
      "mode": "managed",
      "type": "iosxr_router_isis_interface_address_family",
      "name": "example",
      "provider": "provider[\"registry.terraform.io/ciscodevnet/iosxr\"]",
      "instances": [
        {
          "index_key": "GigabitEthernet0/0/0/1",
          "schema_version": 0,
          "attributes": {
            "advertise_prefix_route_policy": null,
            "af_name": "ipv4",
            "delete_mode": null,
            "device": null,
            "fast_reroute_per_prefix": true,
            "fast_reroute_per_prefix_levels": [
              {
                "level_id": 1,
                "ti_lfa": true
              }
            ],
            "fast_reroute_per_prefix_ti_lfa": true,
            "id": "Cisco-IOS-XR-um-router-isis-cfg:/router/isis/processes/process[process-id=CORE]/interfaces/interface[interface-name=GigabitEthernet0/0/0/1]/address-families/address-family[af-name=ipv4][saf-name=unicast]",
            "interface_name": "GigabitEthernet0/0/0/1",
            "metric": null,
            "metric_levels": null,
            "metric_maximum": null,
            "prefix_sid_absolute": null,
            "prefix_sid_index": null,
            "prefix_sid_n_flag_clear": null,
            "prefix_sid_strict_spf_absolute": null,
            "process_id": "CORE",
            "saf_name": "unicast",
            "tag": null
          },
          "sensitive_attributes": []
        },
        {
          "index_key": "Loopback0",
          "schema_version": 0,
          "attributes": {
            "advertise_prefix_route_policy": null,
            "af_name": "ipv4",
            "delete_mode": null,
            "device": null,
            "fast_reroute_per_prefix": false,
            "fast_reroute_per_prefix_levels": [],
            "fast_reroute_per_prefix_ti_lfa": false,
            "id": "Cisco-IOS-XR-um-router-isis-cfg:/router/isis/processes/process[process-id=CORE]/interfaces/interface[interface-name=Loopback0]/address-families/address-family[af-name=ipv4][saf-name=unicast]",
            "interface_name": "Loopback0",
            "metric": null,
            "metric_levels": null,
            "metric_maximum": null,
            "prefix_sid_absolute": null,
            "prefix_sid_index": null,
            "prefix_sid_n_flag_clear": null,
            "prefix_sid_strict_spf_absolute": null,
            "process_id": "CORE",
            "saf_name": "unicast",
            "tag": null
          },
          "sensitive_attributes": []
        }
      ]
    },
    {
      "module": "module.lab-eve-xrv9kv-01.module.xr_routing_isis",
      "mode": "managed",
      "type": "iosxr_segment_routing",
      "name": "example",
      "provider": "provider[\"registry.terraform.io/ciscodevnet/iosxr\"]",
      "instances": [
        {
          "schema_version": 0,
          "attributes": {
            "delete_mode": null,
            "device": null,
            "global_block_lower_bound": 16000,
            "global_block_upper_bound": 29999,
            "id": "Cisco-IOS-XR-segment-routing-ms-cfg:/sr",
            "local_block_lower_bound": 15000,
            "local_block_upper_bound": 15999
          },
          "sensitive_attributes": []
        }
      ]
    },
    {
      "module": "module.lab-eve-xrv9kv-01.module.xr_routing_mpls",
      "mode": "managed",
      "type": "iosxr_mpls_ldp",
      "name": "example",
      "provider": "provider[\"registry.terraform.io/ciscodevnet/iosxr\"]",
      "instances": [
        {
          "schema_version": 0,
          "attributes": {
            "address_families": null,
            "capabilities_sac_fec128_disable": null,
            "capabilities_sac_fec129_disable": null,
            "capabilities_sac_ipv4_disable": null,
            "capabilities_sac_ipv6_disable": null,
            "delete_mode": null,
            "device": null,
            "id": "Cisco-IOS-XR-um-mpls-ldp-cfg:/mpls/ldp",
            "igp_sync_delay_on_proc_restart": null,
            "igp_sync_delay_on_session_up": null,
            "interfaces": null,
            "mldp_address_families": null,
            "mldp_logging_notifications": null,
            "router_id": "10.10.10.1",
            "session_protection": null
          },
          "sensitive_attributes": []
        }
      ]
    },
    {
      "module": "module.lab-eve-xrv9kv-01.module.xr_routing_vrf",
      "mode": "managed",
      "type": "iosxr_vrf",
      "name": "example",
      "provider": "provider[\"registry.terraform.io/ciscodevnet/iosxr\"]",
      "instances": [
        {
          "index_key": "INTERNET",
          "schema_version": 0,
          "attributes": {
            "address_family_ipv4_flowspec": null,
            "address_family_ipv4_multicast": null,
            "address_family_ipv4_unicast": true,
            "address_family_ipv4_unicast_export_route_policy": null,
            "address_family_ipv4_unicast_export_route_target_four_byte_as_format": null,
            "address_family_ipv4_unicast_export_route_target_ip_address_format": null,
            "address_family_ipv4_unicast_export_route_target_two_byte_as_format": [
              {
                "as_number": 1,
                "index": 1,
                "stitching": true
              }
            ],
            "address_family_ipv4_unicast_import_route_policy": null,
            "address_family_ipv4_unicast_import_route_target_four_byte_as_format": null,
            "address_family_ipv4_unicast_import_route_target_ip_address_format": null,
            "address_family_ipv4_unicast_import_route_target_two_byte_as_format": [
              {
                "as_number": 1,
                "index": 1,
                "stitching": true
              },
              {
                "as_number": 2,
                "index": 2,
                "stitching": true
              }
            ],
            "address_family_ipv6_flowspec": null,
            "address_family_ipv6_multicast": null,
            "address_family_ipv6_unicast": null,
            "address_family_ipv6_unicast_export_route_policy": null,
            "address_family_ipv6_unicast_export_route_target_four_byte_as_format": null,
            "address_family_ipv6_unicast_export_route_target_ip_address_format": null,
            "address_family_ipv6_unicast_export_route_target_two_byte_as_format": null,
            "address_family_ipv6_unicast_import_route_policy": null,
            "address_family_ipv6_unicast_import_route_target_four_byte_as_format": null,
            "address_family_ipv6_unicast_import_route_target_ip_address_format": null,
            "address_family_ipv6_unicast_import_route_target_two_byte_as_format": null,
            "delete_mode": null,
            "description": "Internet VRF",
            "device": null,
            "id": "Cisco-IOS-XR-um-vrf-cfg:/vrfs/vrf[vrf-name=INTERNET]",
            "rd_four_byte_as_as_number": null,
            "rd_four_byte_as_index": null,
            "rd_ip_address_index": null,
            "rd_ip_address_ipv4_address": null,
            "rd_two_byte_as_as_number": "1",
            "rd_two_byte_as_index": 1,
            "vpn_id": "100:1",
            "vrf_name": "INTERNET"
          },
          "sensitive_attributes": [],
          "dependencies": [
            "module.lab-eve-xrv9kv-01.module.xr_routing_bgp.iosxr_router_bgp.example",
            "module.lab-eve-xrv9kv-01.module.xr_routing_bgp.iosxr_router_bgp_address_family.ipv4",
            "module.lab-eve-xrv9kv-01.module.xr_routing_bgp.iosxr_router_bgp_address_family.vpnv4",
            "module.lab-eve-xrv9kv-01.module.xr_routing_bgp.iosxr_router_bgp_neighbor_address_family.ipv4",
            "module.lab-eve-xrv9kv-01.module.xr_routing_bgp.iosxr_router_bgp_neighbor_address_family.vpnv4",
            "module.lab-eve-xrv9kv-01.module.xr_routing_bgp.iosxr_router_bgp_vrf.vrf",
            "module.lab-eve-xrv9kv-01.module.xr_routing_bgp.iosxr_router_bgp_vrf_address_family.vrf"
          ]
        }
      ]
    }
  ],
  "check_results": null
}
